
Microsoft Visual Studio Solution File, Format Version 12.00
# Visual Studio Version 17
VisualStudioVersion = 17.0.31903.59
MinimumVisualStudioVersion = 10.0.40219.1
Project("{2150E333-8FDC-42A3-9474-1A3956D46DE8}") = "src", "src", "{BB6959F2-74A6-4DFB-8469-95FF1C9CF247}"
EndProject
Project("{FAE04EC0-301F-11D3-BF4B-00C04F79EFBC}") = "DBus.Services.Secrets", "src\DBus.Services.Secrets\DBus.Services.Secrets.csproj", "{3213BB1A-AF88-4555-A584-4567877662BF}"
EndProject
Project("{FAE04EC0-301F-11D3-BF4B-00C04F79EFBC}") = "Sandbox", "src\Sandbox\Sandbox.csproj", "{CF5AD402-ED39-4FEC-9B24-271CF8DAF260}"
EndProject
Global
	GlobalSection(SolutionConfigurationPlatforms) = preSolution
		Debug|Any CPU = Debug|Any CPU
		Release|Any CPU = Release|Any CPU
	EndGlobalSection
	GlobalSection(SolutionProperties) = preSolution
		HideSolutionNode = FALSE
	EndGlobalSection
	GlobalSection(ProjectConfigurationPlatforms) = postSolution
		{3213BB1A-AF88-4555-A584-4567877662BF}.Debug|Any CPU.ActiveCfg = Debug|Any CPU
		{3213BB1A-AF88-4555-A584-4567877662BF}.Debug|Any CPU.Build.0 = Debug|Any CPU
		{3213BB1A-AF88-4555-A584-4567877662BF}.Release|Any CPU.ActiveCfg = Release|Any CPU
		{3213BB1A-AF88-4555-A584-4567877662BF}.Release|Any CPU.Build.0 = Release|Any CPU
		{CF5AD402-ED39-4FEC-9B24-271CF8DAF260}.Debug|Any CPU.ActiveCfg = Debug|Any CPU
		{CF5AD402-ED39-4FEC-9B24-271CF8DAF260}.Debug|Any CPU.Build.0 = Debug|Any CPU
		{CF5AD402-ED39-4FEC-9B24-271CF8DAF260}.Release|Any CPU.ActiveCfg = Release|Any CPU
		{CF5AD402-ED39-4FEC-9B24-271CF8DAF260}.Release|Any CPU.Build.0 = Release|Any CPU
	EndGlobalSection
	GlobalSection(NestedProjects) = preSolution
		{3213BB1A-AF88-4555-A584-4567877662BF} = {BB6959F2-74A6-4DFB-8469-95FF1C9CF247}
		{CF5AD402-ED39-4FEC-9B24-271CF8DAF260} = {BB6959F2-74A6-4DFB-8469-95FF1C9CF247}
	EndGlobalSection
EndGlobal
